
Microsoft Visual Studio Solution File, Format Version 12.00
# Visual Studio Version 16
VisualStudioVersion = 16.0.33529.622
MinimumVisualStudioVersion = 10.0.40219.1
Project("{C9674DCB-5085-4A16-B785-4C70DD1589BD}") = "FINANCE SOLUTION - NETSANET", "FINANCE SOLUTION - NETSANET.dtproj", "{D8DCFB06-DE06-4546-93EA-AA7F8269DC76}"
EndProject
Global
	GlobalSection(SolutionConfigurationPlatforms) = preSolution
		Development|Default = Development|Default
	EndGlobalSection
	GlobalSection(ProjectConfigurationPlatforms) = postSolution
		{D8DCFB06-DE06-4546-93EA-AA7F8269DC76}.Development|Default.ActiveCfg = Development
		{D8DCFB06-DE06-4546-93EA-AA7F8269DC76}.Development|Default.Build.0 = Development
	EndGlobalSection
	GlobalSection(SolutionProperties) = preSolution
		HideSolutionNode = FALSE
	EndGlobalSection
	GlobalSection(ExtensibilityGlobals) = postSolution
		SolutionGuid = {212AB597-D42B-4A5B-BB6B-CCD28F27321B}
	EndGlobalSection
EndGlobal
